
Microsoft Visual Studio Solution File, Format Version 12.00
# Visual Studio Version 16
VisualStudioVersion = 16.0.28803.352
MinimumVisualStudioVersion = 10.0.40219.1
Project("{8BC9CEB8-8B4A-11D0-8D11-00A0C91BC942}") = "OpenGL", "OpenGL\OpenGL.vcxproj", "{916F8BA1-E8B2-438C-831A-D44CC35BC105}"
EndProject
Global
	GlobalSection(SolutionConfigurationPlatforms) = preSolution
		Debug|x64 = Debug|x64
		Debug|x86 = Debug|x86
		Release|x64 = Release|x64
		Release|x86 = Release|x86
	EndGlobalSection
	GlobalSection(ProjectConfigurationPlatforms) = postSolution
		{916F8BA1-E8B2-438C-831A-D44CC35BC105}.Debug|x64.ActiveCfg = Debug|x64
		{916F8BA1-E8B2-438C-831A-D44CC35BC105}.Debug|x64.Build.0 = Debug|x64
		{916F8BA1-E8B2-438C-831A-D44CC35BC105}.Debug|x86.ActiveCfg = Debug|Win32
		{916F8BA1-E8B2-438C-831A-D44CC35BC105}.Debug|x86.Build.0 = Debug|Win32
		{916F8BA1-E8B2-438C-831A-D44CC35BC105}.Release|x64.ActiveCfg = Release|x64
		{916F8BA1-E8B2-438C-831A-D44CC35BC105}.Release|x64.Build.0 = Release|x64
		{916F8BA1-E8B2-438C-831A-D44CC35BC105}.Release|x86.ActiveCfg = Release|Win32
		{916F8BA1-E8B2-438C-831A-D44CC35BC105}.Release|x86.Build.0 = Release|Win32
	EndGlobalSection
	GlobalSection(SolutionProperties) = preSolution
		HideSolutionNode = FALSE
	EndGlobalSection
	GlobalSection(ExtensibilityGlobals) = postSolution
		SolutionGuid = {DA38E6C0-ADB0-4788-B029-A3AB93C6FF2B}
	EndGlobalSection
EndGlobal
